
Microsoft Visual Studio Solution File, Format Version 12.00
# Visual Studio 14
VisualStudioVersion = 14.0.25420.1
MinimumVisualStudioVersion = 10.0.40219.1
Project("{FAE04EC0-301F-11D3-BF4B-00C04F79EFBC}") = "EpiEvents.Core", "src\EpiEvents.Core\EpiEvents.Core.csproj", "{3A2B2296-2991-411B-8648-1249DC62BE68}"
EndProject
Project("{FAE04EC0-301F-11D3-BF4B-00C04F79EFBC}") = "EpiEvents.Core.Tests", "src\EpiEvents.Core.Tests\EpiEvents.Core.Tests.csproj", "{64AD2A73-001A-443B-959D-2ADA82B83064}"
EndProject
Global
	GlobalSection(SolutionConfigurationPlatforms) = preSolution
		Debug|Any CPU = Debug|Any CPU
		Release|Any CPU = Release|Any CPU
	EndGlobalSection
	GlobalSection(ProjectConfigurationPlatforms) = postSolution
		{3A2B2296-2991-411B-8648-1249DC62BE68}.Debug|Any CPU.ActiveCfg = Debug|Any CPU
		{3A2B2296-2991-411B-8648-1249DC62BE68}.Debug|Any CPU.Build.0 = Debug|Any CPU
		{3A2B2296-2991-411B-8648-1249DC62BE68}.Release|Any CPU.ActiveCfg = Release|Any CPU
		{3A2B2296-2991-411B-8648-1249DC62BE68}.Release|Any CPU.Build.0 = Release|Any CPU
		{64AD2A73-001A-443B-959D-2ADA82B83064}.Debug|Any CPU.ActiveCfg = Debug|Any CPU
		{64AD2A73-001A-443B-959D-2ADA82B83064}.Debug|Any CPU.Build.0 = Debug|Any CPU
		{64AD2A73-001A-443B-959D-2ADA82B83064}.Release|Any CPU.ActiveCfg = Release|Any CPU
		{64AD2A73-001A-443B-959D-2ADA82B83064}.Release|Any CPU.Build.0 = Release|Any CPU
	EndGlobalSection
	GlobalSection(SolutionProperties) = preSolution
		HideSolutionNode = FALSE
	EndGlobalSection
EndGlobal
